
Microsoft Visual Studio Solution File, Format Version 12.00
# Visual Studio Version 16
VisualStudioVersion = 16.0.29201.188
MinimumVisualStudioVersion = 10.0.40219.1
Project("{FAE04EC0-301F-11D3-BF4B-00C04F79EFBC}") = "FH4RP", "FH4RP.csproj", "{DA21B4BE-7AAA-4CD9-AA35-963C281B2D9F}"
EndProject
Global
	GlobalSection(SolutionConfigurationPlatforms) = preSolution
		Debug|Any CPU = Debug|Any CPU
		Release|Any CPU = Release|Any CPU
	EndGlobalSection
	GlobalSection(ProjectConfigurationPlatforms) = postSolution
		{DA21B4BE-7AAA-4CD9-AA35-963C281B2D9F}.Debug|Any CPU.ActiveCfg = Debug|Any CPU
		{DA21B4BE-7AAA-4CD9-AA35-963C281B2D9F}.Debug|Any CPU.Build.0 = Debug|Any CPU
		{DA21B4BE-7AAA-4CD9-AA35-963C281B2D9F}.Release|Any CPU.ActiveCfg = Release|Any CPU
		{DA21B4BE-7AAA-4CD9-AA35-963C281B2D9F}.Release|Any CPU.Build.0 = Release|Any CPU
	EndGlobalSection
	GlobalSection(SolutionProperties) = preSolution
		HideSolutionNode = FALSE
	EndGlobalSection
	GlobalSection(ExtensibilityGlobals) = postSolution
		SolutionGuid = {6F6515E8-D679-4386-98B5-B1FE5BABDB2D}
	EndGlobalSection
EndGlobal
